
Microsoft Visual Studio Solution File, Format Version 12.00
# Visual Studio Version 16
VisualStudioVersion = 16.0.29025.244
MinimumVisualStudioVersion = 10.0.40219.1
Project("{9A19103F-16F7-4668-BE54-9A1E7A4F7556}") = "Ntreev.Library.TestProject", "Ntreev.Library.TestProject\Ntreev.Library.TestProject.csproj", "{E9985451-AE81-45D9-BAF0-D0850D76C0CE}"
EndProject
Project("{9A19103F-16F7-4668-BE54-9A1E7A4F7556}") = "Ntreev.Library.Random", "Ntreev.Library.Random\Ntreev.Library.Random.csproj", "{83F1180F-F170-48CF-BE1E-CA60D6851800}"
EndProject
Project("{9A19103F-16F7-4668-BE54-9A1E7A4F7556}") = "Ntreev.Library", "Ntreev.Library\Ntreev.Library.csproj", "{DA0B09C8-1FD8-4F0E-B4B6-2291B06E406B}"
EndProject
Project("{2150E333-8FDC-42A3-9474-1A3956D46DE8}") = "etc", "etc", "{DAA0A30C-D8DB-4F55-8F3F-C7CEF359400F}"
	ProjectSection(SolutionItems) = preProject
		.editorconfig = .editorconfig
		build.ps1 = build.ps1
		Directory.Build.props = Directory.Build.props
		netfx.props = netfx.props
	EndProjectSection
EndProject
Global
	GlobalSection(SolutionConfigurationPlatforms) = preSolution
		Debug|Any CPU = Debug|Any CPU
		Release|Any CPU = Release|Any CPU
	EndGlobalSection
	GlobalSection(ProjectConfigurationPlatforms) = postSolution
		{E9985451-AE81-45D9-BAF0-D0850D76C0CE}.Debug|Any CPU.ActiveCfg = Debug|Any CPU
		{E9985451-AE81-45D9-BAF0-D0850D76C0CE}.Debug|Any CPU.Build.0 = Debug|Any CPU
		{E9985451-AE81-45D9-BAF0-D0850D76C0CE}.Release|Any CPU.ActiveCfg = Release|Any CPU
		{E9985451-AE81-45D9-BAF0-D0850D76C0CE}.Release|Any CPU.Build.0 = Release|Any CPU
		{83F1180F-F170-48CF-BE1E-CA60D6851800}.Debug|Any CPU.ActiveCfg = Debug|Any CPU
		{83F1180F-F170-48CF-BE1E-CA60D6851800}.Debug|Any CPU.Build.0 = Debug|Any CPU
		{83F1180F-F170-48CF-BE1E-CA60D6851800}.Release|Any CPU.ActiveCfg = Release|Any CPU
		{83F1180F-F170-48CF-BE1E-CA60D6851800}.Release|Any CPU.Build.0 = Release|Any CPU
		{DA0B09C8-1FD8-4F0E-B4B6-2291B06E406B}.Debug|Any CPU.ActiveCfg = Debug|Any CPU
		{DA0B09C8-1FD8-4F0E-B4B6-2291B06E406B}.Debug|Any CPU.Build.0 = Debug|Any CPU
		{DA0B09C8-1FD8-4F0E-B4B6-2291B06E406B}.Release|Any CPU.ActiveCfg = Release|Any CPU
		{DA0B09C8-1FD8-4F0E-B4B6-2291B06E406B}.Release|Any CPU.Build.0 = Release|Any CPU
	EndGlobalSection
	GlobalSection(SolutionProperties) = preSolution
		HideSolutionNode = FALSE
	EndGlobalSection
	GlobalSection(ExtensibilityGlobals) = postSolution
		SolutionGuid = {2F89FC38-C7BB-4DE0-A02D-5DC87BB78C16}
	EndGlobalSection
EndGlobal
